{
  "requires": true,
  "lockfileVersion": 1,
  "dependencies": {
    "censorify_li": {
      "version": "0.1.1",
      "resolved": "https://registry.npmjs.org/censorify_li/-/censorify_li-0.1.1.tgz",
      "integrity": "sha512-giWvlNcNwEJezSu1ScJzNP/3evOkBNF+Znc+2gu+H1CWVnywJEtarQP6vcS7GYdgFKJRn6UdQIznHzETiUON6Q=="
    }
  }
}
